
Microsoft Visual Studio Solution File, Format Version 12.00
# Visual Studio 15
VisualStudioVersion = 15.0.26124.0
MinimumVisualStudioVersion = 15.0.26124.0
Project("{FAE04EC0-301F-11D3-BF4B-00C04F79EFBC}") = "API", "API\API.csproj", "{0298A900-1880-4C75-85D6-012DB1251C30}"
EndProject
Project("{FAE04EC0-301F-11D3-BF4B-00C04F79EFBC}") = "Core", "Core\Core.csproj", "{D8C85276-B41A-4F13-88A4-0406EF2C5BBB}"
EndProject
Project("{FAE04EC0-301F-11D3-BF4B-00C04F79EFBC}") = "Infrastructure", "Infrastructure\Infrastructure.csproj", "{2B714BB2-855E-4A3C-A189-223304621499}"
EndProject
Global
	GlobalSection(SolutionConfigurationPlatforms) = preSolution
		Debug|Any CPU = Debug|Any CPU
		Debug|x64 = Debug|x64
		Debug|x86 = Debug|x86
		Release|Any CPU = Release|Any CPU
		Release|x64 = Release|x64
		Release|x86 = Release|x86
	EndGlobalSection
	GlobalSection(SolutionProperties) = preSolution
		HideSolutionNode = FALSE
	EndGlobalSection
	GlobalSection(ProjectConfigurationPlatforms) = postSolution
		{0298A900-1880-4C75-85D6-012DB1251C30}.Debug|Any CPU.ActiveCfg = Debug|Any CPU
		{0298A900-1880-4C75-85D6-012DB1251C30}.Debug|Any CPU.Build.0 = Debug|Any CPU
		{0298A900-1880-4C75-85D6-012DB1251C30}.Debug|x64.ActiveCfg = Debug|Any CPU
		{0298A900-1880-4C75-85D6-012DB1251C30}.Debug|x64.Build.0 = Debug|Any CPU
		{0298A900-1880-4C75-85D6-012DB1251C30}.Debug|x86.ActiveCfg = Debug|Any CPU
		{0298A900-1880-4C75-85D6-012DB1251C30}.Debug|x86.Build.0 = Debug|Any CPU
		{0298A900-1880-4C75-85D6-012DB1251C30}.Release|Any CPU.ActiveCfg = Release|Any CPU
		{0298A900-1880-4C75-85D6-012DB1251C30}.Release|Any CPU.Build.0 = Release|Any CPU
		{0298A900-1880-4C75-85D6-012DB1251C30}.Release|x64.ActiveCfg = Release|Any CPU
		{0298A900-1880-4C75-85D6-012DB1251C30}.Release|x64.Build.0 = Release|Any CPU
		{0298A900-1880-4C75-85D6-012DB1251C30}.Release|x86.ActiveCfg = Release|Any CPU
		{0298A900-1880-4C75-85D6-012DB1251C30}.Release|x86.Build.0 = Release|Any CPU
		{D8C85276-B41A-4F13-88A4-0406EF2C5BBB}.Debug|Any CPU.ActiveCfg = Debug|Any CPU
		{D8C85276-B41A-4F13-88A4-0406EF2C5BBB}.Debug|Any CPU.Build.0 = Debug|Any CPU
		{D8C85276-B41A-4F13-88A4-0406EF2C5BBB}.Debug|x64.ActiveCfg = Debug|Any CPU
		{D8C85276-B41A-4F13-88A4-0406EF2C5BBB}.Debug|x64.Build.0 = Debug|Any CPU
		{D8C85276-B41A-4F13-88A4-0406EF2C5BBB}.Debug|x86.ActiveCfg = Debug|Any CPU
		{D8C85276-B41A-4F13-88A4-0406EF2C5BBB}.Debug|x86.Build.0 = Debug|Any CPU
		{D8C85276-B41A-4F13-88A4-0406EF2C5BBB}.Release|Any CPU.ActiveCfg = Release|Any CPU
		{D8C85276-B41A-4F13-88A4-0406EF2C5BBB}.Release|Any CPU.Build.0 = Release|Any CPU
		{D8C85276-B41A-4F13-88A4-0406EF2C5BBB}.Release|x64.ActiveCfg = Release|Any CPU
		{D8C85276-B41A-4F13-88A4-0406EF2C5BBB}.Release|x64.Build.0 = Release|Any CPU
		{D8C85276-B41A-4F13-88A4-0406EF2C5BBB}.Release|x86.ActiveCfg = Release|Any CPU
		{D8C85276-B41A-4F13-88A4-0406EF2C5BBB}.Release|x86.Build.0 = Release|Any CPU
		{2B714BB2-855E-4A3C-A189-223304621499}.Debug|Any CPU.ActiveCfg = Debug|Any CPU
		{2B714BB2-855E-4A3C-A189-223304621499}.Debug|Any CPU.Build.0 = Debug|Any CPU
		{2B714BB2-855E-4A3C-A189-223304621499}.Debug|x64.ActiveCfg = Debug|Any CPU
		{2B714BB2-855E-4A3C-A189-223304621499}.Debug|x64.Build.0 = Debug|Any CPU
		{2B714BB2-855E-4A3C-A189-223304621499}.Debug|x86.ActiveCfg = Debug|Any CPU
		{2B714BB2-855E-4A3C-A189-223304621499}.Debug|x86.Build.0 = Debug|Any CPU
		{2B714BB2-855E-4A3C-A189-223304621499}.Release|Any CPU.ActiveCfg = Release|Any CPU
		{2B714BB2-855E-4A3C-A189-223304621499}.Release|Any CPU.Build.0 = Release|Any CPU
		{2B714BB2-855E-4A3C-A189-223304621499}.Release|x64.ActiveCfg = Release|Any CPU
		{2B714BB2-855E-4A3C-A189-223304621499}.Release|x64.Build.0 = Release|Any CPU
		{2B714BB2-855E-4A3C-A189-223304621499}.Release|x86.ActiveCfg = Release|Any CPU
		{2B714BB2-855E-4A3C-A189-223304621499}.Release|x86.Build.0 = Release|Any CPU
	EndGlobalSection
EndGlobal
